
Microsoft Visual Studio Solution File, Format Version 12.00
# Visual Studio 15
VisualStudioVersion = 15.0.26730.12
MinimumVisualStudioVersion = 10.0.40219.1
Project("{FAE04EC0-301F-11D3-BF4B-00C04F79EFBC}") = "Windows_forms_plane", "Windows_forms_plane\Windows_forms_plane.csproj", "{94851A5F-E1CA-41B8-829F-8688833412FC}"
EndProject
Global
	GlobalSection(SolutionConfigurationPlatforms) = preSolution
		Debug|Any CPU = Debug|Any CPU
		Release|Any CPU = Release|Any CPU
	EndGlobalSection
	GlobalSection(ProjectConfigurationPlatforms) = postSolution
		{94851A5F-E1CA-41B8-829F-8688833412FC}.Debug|Any CPU.ActiveCfg = Debug|Any CPU
		{94851A5F-E1CA-41B8-829F-8688833412FC}.Debug|Any CPU.Build.0 = Debug|Any CPU
		{94851A5F-E1CA-41B8-829F-8688833412FC}.Release|Any CPU.ActiveCfg = Release|Any CPU
		{94851A5F-E1CA-41B8-829F-8688833412FC}.Release|Any CPU.Build.0 = Release|Any CPU
	EndGlobalSection
	GlobalSection(SolutionProperties) = preSolution
		HideSolutionNode = FALSE
	EndGlobalSection
	GlobalSection(ExtensibilityGlobals) = postSolution
		SolutionGuid = {CDCF1AF2-50B0-4E2A-B6C9-B4E727B08AF6}
	EndGlobalSection
EndGlobal
